
Microsoft Visual Studio Solution File, Format Version 12.00
# Visual Studio 15
VisualStudioVersion = 15.0.26228.9
MinimumVisualStudioVersion = 10.0.40219.1
Project("{FAE04EC0-301F-11D3-BF4B-00C04F79EFBC}") = "MicrosoftHouse.Android", "MicrosoftHouse\MicrosoftHouse.Android\MicrosoftHouse.Android.csproj", "{F0408C47-DEFC-42BB-8219-EA257BCBE8BE}"
EndProject
Project("{FAE04EC0-301F-11D3-BF4B-00C04F79EFBC}") = "MicrosoftHouse", "MicrosoftHouse\MicrosoftHouse\MicrosoftHouse.csproj", "{A7138995-B32E-4E0D-8E34-954FD7D920C0}"
EndProject
Project("{FAE04EC0-301F-11D3-BF4B-00C04F79EFBC}") = "MicrosoftHouse.UWP", "MicrosoftHouse\MicrosoftHouse.UWP\MicrosoftHouse.UWP.csproj", "{D8607C56-9439-4B7F-8007-37EA0CDDF995}"
EndProject
Project("{FAE04EC0-301F-11D3-BF4B-00C04F79EFBC}") = "MicrosoftHouse.iOS", "MicrosoftHouse\MicrosoftHouse.iOS\MicrosoftHouse.iOS.csproj", "{CFDD6303-B8F0-4B4A-8C52-1911938ACD68}"
EndProject
Project("{FAE04EC0-301F-11D3-BF4B-00C04F79EFBC}") = "Backend", "Backend\Backend.csproj", "{013E1778-4415-420A-89D9-EFC572C1080C}"
EndProject
Global
	GlobalSection(SolutionConfigurationPlatforms) = preSolution
		Ad-Hoc|Any CPU = Ad-Hoc|Any CPU
		Ad-Hoc|ARM = Ad-Hoc|ARM
		Ad-Hoc|iPhone = Ad-Hoc|iPhone
		Ad-Hoc|iPhoneSimulator = Ad-Hoc|iPhoneSimulator
		Ad-Hoc|x64 = Ad-Hoc|x64
		Ad-Hoc|x86 = Ad-Hoc|x86
		AppStore|Any CPU = AppStore|Any CPU
		AppStore|ARM = AppStore|ARM
		AppStore|iPhone = AppStore|iPhone
		AppStore|iPhoneSimulator = AppStore|iPhoneSimulator
		AppStore|x64 = AppStore|x64
		AppStore|x86 = AppStore|x86
		Debug|Any CPU = Debug|Any CPU
		Debug|ARM = Debug|ARM
		Debug|iPhone = Debug|iPhone
		Debug|iPhoneSimulator = Debug|iPhoneSimulator
		Debug|x64 = Debug|x64
		Debug|x86 = Debug|x86
		Release|Any CPU = Release|Any CPU
		Release|ARM = Release|ARM
		Release|iPhone = Release|iPhone
		Release|iPhoneSimulator = Release|iPhoneSimulator
		Release|x64 = Release|x64
		Release|x86 = Release|x86
	EndGlobalSection
	GlobalSection(ProjectConfigurationPlatforms) = postSolution
		{F0408C47-DEFC-42BB-8219-EA257BCBE8BE}.Ad-Hoc|Any CPU.ActiveCfg = Release|Any CPU
		{F0408C47-DEFC-42BB-8219-EA257BCBE8BE}.Ad-Hoc|Any CPU.Build.0 = Release|Any CPU
		{F0408C47-DEFC-42BB-8219-EA257BCBE8BE}.Ad-Hoc|Any CPU.Deploy.0 = Release|Any CPU
		{F0408C47-DEFC-42BB-8219-EA257BCBE8BE}.Ad-Hoc|ARM.ActiveCfg = Release|Any CPU
		{F0408C47-DEFC-42BB-8219-EA257BCBE8BE}.Ad-Hoc|ARM.Build.0 = Release|Any CPU
		{F0408C47-DEFC-42BB-8219-EA257BCBE8BE}.Ad-Hoc|ARM.Deploy.0 = Release|Any CPU
		{F0408C47-DEFC-42BB-8219-EA257BCBE8BE}.Ad-Hoc|iPhone.ActiveCfg = Release|Any CPU
		{F0408C47-DEFC-42BB-8219-EA257BCBE8BE}.Ad-Hoc|iPhone.Build.0 = Release|Any CPU
		{F0408C47-DEFC-42BB-8219-EA257BCBE8BE}.Ad-Hoc|iPhone.Deploy.0 = Release|Any CPU
		{F0408C47-DEFC-42BB-8219-EA257BCBE8BE}.Ad-Hoc|iPhoneSimulator.ActiveCfg = Release|Any CPU
		{F0408C47-DEFC-42BB-8219-EA257BCBE8BE}.Ad-Hoc|iPhoneSimulator.Build.0 = Release|Any CPU
		{F0408C47-DEFC-42BB-8219-EA257BCBE8BE}.Ad-Hoc|iPhoneSimulator.Deploy.0 = Release|Any CPU
		{F0408C47-DEFC-42BB-8219-EA257BCBE8BE}.Ad-Hoc|x64.ActiveCfg = Release|Any CPU
		{F0408C47-DEFC-42BB-8219-EA257BCBE8BE}.Ad-Hoc|x64.Build.0 = Release|Any CPU
		{F0408C47-DEFC-42BB-8219-EA257BCBE8BE}.Ad-Hoc|x64.Deploy.0 = Release|Any CPU
		{F0408C47-DEFC-42BB-8219-EA257BCBE8BE}.Ad-Hoc|x86.ActiveCfg = Release|Any CPU
		{F0408C47-DEFC-42BB-8219-EA257BCBE8BE}.Ad-Hoc|x86.Build.0 = Release|Any CPU
		{F0408C47-DEFC-42BB-8219-EA257BCBE8BE}.Ad-Hoc|x86.Deploy.0 = Release|Any CPU
		{F0408C47-DEFC-42BB-8219-EA257BCBE8BE}.AppStore|Any CPU.ActiveCfg = Release|Any CPU
		{F0408C47-DEFC-42BB-8219-EA257BCBE8BE}.AppStore|Any CPU.Build.0 = Release|Any CPU
		{F0408C47-DEFC-42BB-8219-EA257BCBE8BE}.AppStore|Any CPU.Deploy.0 = Release|Any CPU
		{F0408C47-DEFC-42BB-8219-EA257BCBE8BE}.AppStore|ARM.ActiveCfg = Release|Any CPU
		{F0408C47-DEFC-42BB-8219-EA257BCBE8BE}.AppStore|ARM.Build.0 = Release|Any CPU
		{F0408C47-DEFC-42BB-8219-EA257BCBE8BE}.AppStore|ARM.Deploy.0 = Release|Any CPU
		{F0408C47-DEFC-42BB-8219-EA257BCBE8BE}.AppStore|iPhone.ActiveCfg = Release|Any CPU
		{F0408C47-DEFC-42BB-8219-EA257BCBE8BE}.AppStore|iPhone.Build.0 = Release|Any CPU
		{F0408C47-DEFC-42BB-8219-EA257BCBE8BE}.AppStore|iPhone.Deploy.0 = Release|Any CPU
		{F0408C47-DEFC-42BB-8219-EA257BCBE8BE}.AppStore|iPhoneSimulator.ActiveCfg = Release|Any CPU
		{F0408C47-DEFC-42BB-8219-EA257BCBE8BE}.AppStore|iPhoneSimulator.Build.0 = Release|Any CPU
		{F0408C47-DEFC-42BB-8219-EA257BCBE8BE}.AppStore|iPhoneSimulator.Deploy.0 = Release|Any CPU
		{F0408C47-DEFC-42BB-8219-EA257BCBE8BE}.AppStore|x64.ActiveCfg = Release|Any CPU
		{F0408C47-DEFC-42BB-8219-EA257BCBE8BE}.AppStore|x64.Build.0 = Release|Any CPU
		{F0408C47-DEFC-42BB-8219-EA257BCBE8BE}.AppStore|x64.Deploy.0 = Release|Any CPU
		{F0408C47-DEFC-42BB-8219-EA257BCBE8BE}.AppStore|x86.ActiveCfg = Release|Any CPU
		{F0408C47-DEFC-42BB-8219-EA257BCBE8BE}.AppStore|x86.Build.0 = Release|Any CPU
		{F0408C47-DEFC-42BB-8219-EA257BCBE8BE}.AppStore|x86.Deploy.0 = Release|Any CPU
		{F0408C47-DEFC-42BB-8219-EA257BCBE8BE}.Debug|Any CPU.ActiveCfg = Debug|Any CPU
		{F0408C47-DEFC-42BB-8219-EA257BCBE8BE}.Debug|Any CPU.Build.0 = Debug|Any CPU
		{F0408C47-DEFC-42BB-8219-EA257BCBE8BE}.Debug|Any CPU.Deploy.0 = Debug|Any CPU
		{F0408C47-DEFC-42BB-8219-EA257BCBE8BE}.Debug|ARM.ActiveCfg = Debug|Any CPU
		{F0408C47-DEFC-42BB-8219-EA257BCBE8BE}.Debug|ARM.Build.0 = Debug|Any CPU
		{F0408C47-DEFC-42BB-8219-EA257BCBE8BE}.Debug|ARM.Deploy.0 = Debug|Any CPU
		{F0408C47-DEFC-42BB-8219-EA257BCBE8BE}.Debug|iPhone.ActiveCfg = Debug|Any CPU
		{F0408C47-DEFC-42BB-8219-EA257BCBE8BE}.Debug|iPhone.Build.0 = Debug|Any CPU
		{F0408C47-DEFC-42BB-8219-EA257BCBE8BE}.Debug|iPhone.Deploy.0 = Debug|Any CPU
		{F0408C47-DEFC-42BB-8219-EA257BCBE8BE}.Debug|iPhoneSimulator.ActiveCfg = Debug|Any CPU
		{F0408C47-DEFC-42BB-8219-EA257BCBE8BE}.Debug|iPhoneSimulator.Build.0 = Debug|Any CPU
		{F0408C47-DEFC-42BB-8219-EA257BCBE8BE}.Debug|iPhoneSimulator.Deploy.0 = Debug|Any CPU
		{F0408C47-DEFC-42BB-8219-EA257BCBE8BE}.Debug|x64.ActiveCfg = Debug|Any CPU
		{F0408C47-DEFC-42BB-8219-EA257BCBE8BE}.Debug|x64.Build.0 = Debug|Any CPU
		{F0408C47-DEFC-42BB-8219-EA257BCBE8BE}.Debug|x64.Deploy.0 = Debug|Any CPU
		{F0408C47-DEFC-42BB-8219-EA257BCBE8BE}.Debug|x86.ActiveCfg = Debug|Any CPU
		{F0408C47-DEFC-42BB-8219-EA257BCBE8BE}.Debug|x86.Build.0 = Debug|Any CPU
		{F0408C47-DEFC-42BB-8219-EA257BCBE8BE}.Debug|x86.Deploy.0 = Debug|Any CPU
		{F0408C47-DEFC-42BB-8219-EA257BCBE8BE}.Release|Any CPU.ActiveCfg = Release|Any CPU
		{F0408C47-DEFC-42BB-8219-EA257BCBE8BE}.Release|Any CPU.Build.0 = Release|Any CPU
		{F0408C47-DEFC-42BB-8219-EA257BCBE8BE}.Release|Any CPU.Deploy.0 = Release|Any CPU
		{F0408C47-DEFC-42BB-8219-EA257BCBE8BE}.Release|ARM.ActiveCfg = Release|Any CPU
		{F0408C47-DEFC-42BB-8219-EA257BCBE8BE}.Release|ARM.Build.0 = Release|Any CPU
		{F0408C47-DEFC-42BB-8219-EA257BCBE8BE}.Release|ARM.Deploy.0 = Release|Any CPU
		{F0408C47-DEFC-42BB-8219-EA257BCBE8BE}.Release|iPhone.ActiveCfg = Release|Any CPU
		{F0408C47-DEFC-42BB-8219-EA257BCBE8BE}.Release|iPhone.Build.0 = Release|Any CPU
		{F0408C47-DEFC-42BB-8219-EA257BCBE8BE}.Release|iPhone.Deploy.0 = Release|Any CPU
		{F0408C47-DEFC-42BB-8219-EA257BCBE8BE}.Release|iPhoneSimulator.ActiveCfg = Release|Any CPU
		{F0408C47-DEFC-42BB-8219-EA257BCBE8BE}.Release|iPhoneSimulator.Build.0 = Release|Any CPU
		{F0408C47-DEFC-42BB-8219-EA257BCBE8BE}.Release|iPhoneSimulator.Deploy.0 = Release|Any CPU
		{F0408C47-DEFC-42BB-8219-EA257BCBE8BE}.Release|x64.ActiveCfg = Release|Any CPU
		{F0408C47-DEFC-42BB-8219-EA257BCBE8BE}.Release|x64.Build.0 = Release|Any CPU
		{F0408C47-DEFC-42BB-8219-EA257BCBE8BE}.Release|x64.Deploy.0 = Release|Any CPU
		{F0408C47-DEFC-42BB-8219-EA257BCBE8BE}.Release|x86.ActiveCfg = Release|Any CPU
		{F0408C47-DEFC-42BB-8219-EA257BCBE8BE}.Release|x86.Build.0 = Release|Any CPU
		{F0408C47-DEFC-42BB-8219-EA257BCBE8BE}.Release|x86.Deploy.0 = Release|Any CPU
		{A7138995-B32E-4E0D-8E34-954FD7D920C0}.Ad-Hoc|Any CPU.ActiveCfg = Release|Any CPU
		{A7138995-B32E-4E0D-8E34-954FD7D920C0}.Ad-Hoc|Any CPU.Build.0 = Release|Any CPU
		{A7138995-B32E-4E0D-8E34-954FD7D920C0}.Ad-Hoc|ARM.ActiveCfg = Release|Any CPU
		{A7138995-B32E-4E0D-8E34-954FD7D920C0}.Ad-Hoc|ARM.Build.0 = Release|Any CPU
		{A7138995-B32E-4E0D-8E34-954FD7D920C0}.Ad-Hoc|iPhone.ActiveCfg = Release|Any CPU
		{A7138995-B32E-4E0D-8E34-954FD7D920C0}.Ad-Hoc|iPhone.Build.0 = Release|Any CPU
		{A7138995-B32E-4E0D-8E34-954FD7D920C0}.Ad-Hoc|iPhoneSimulator.ActiveCfg = Release|Any CPU
		{A7138995-B32E-4E0D-8E34-954FD7D920C0}.Ad-Hoc|iPhoneSimulator.Build.0 = Release|Any CPU
		{A7138995-B32E-4E0D-8E34-954FD7D920C0}.Ad-Hoc|x64.ActiveCfg = Release|Any CPU
		{A7138995-B32E-4E0D-8E34-954FD7D920C0}.Ad-Hoc|x64.Build.0 = Release|Any CPU
		{A7138995-B32E-4E0D-8E34-954FD7D920C0}.Ad-Hoc|x86.ActiveCfg = Release|Any CPU
		{A7138995-B32E-4E0D-8E34-954FD7D920C0}.Ad-Hoc|x86.Build.0 = Release|Any CPU
		{A7138995-B32E-4E0D-8E34-954FD7D920C0}.AppStore|Any CPU.ActiveCfg = Release|Any CPU
		{A7138995-B32E-4E0D-8E34-954FD7D920C0}.AppStore|Any CPU.Build.0 = Release|Any CPU
		{A7138995-B32E-4E0D-8E34-954FD7D920C0}.AppStore|ARM.ActiveCfg = Release|Any CPU
		{A7138995-B32E-4E0D-8E34-954FD7D920C0}.AppStore|ARM.Build.0 = Release|Any CPU
		{A7138995-B32E-4E0D-8E34-954FD7D920C0}.AppStore|iPhone.ActiveCfg = Release|Any CPU
		{A7138995-B32E-4E0D-8E34-954FD7D920C0}.AppStore|iPhone.Build.0 = Release|Any CPU
		{A7138995-B32E-4E0D-8E34-954FD7D920C0}.AppStore|iPhoneSimulator.ActiveCfg = Release|Any CPU
		{A7138995-B32E-4E0D-8E34-954FD7D920C0}.AppStore|iPhoneSimulator.Build.0 = Release|Any CPU
		{A7138995-B32E-4E0D-8E34-954FD7D920C0}.AppStore|x64.ActiveCfg = Release|Any CPU
		{A7138995-B32E-4E0D-8E34-954FD7D920C0}.AppStore|x64.Build.0 = Release|Any CPU
		{A7138995-B32E-4E0D-8E34-954FD7D920C0}.AppStore|x86.ActiveCfg = Release|Any CPU
		{A7138995-B32E-4E0D-8E34-954FD7D920C0}.AppStore|x86.Build.0 = Release|Any CPU
		{A7138995-B32E-4E0D-8E34-954FD7D920C0}.Debug|Any CPU.ActiveCfg = Debug|Any CPU
		{A7138995-B32E-4E0D-8E34-954FD7D920C0}.Debug|Any CPU.Build.0 = Debug|Any CPU
		{A7138995-B32E-4E0D-8E34-954FD7D920C0}.Debug|ARM.ActiveCfg = Debug|Any CPU
		{A7138995-B32E-4E0D-8E34-954FD7D920C0}.Debug|ARM.Build.0 = Debug|Any CPU
		{A7138995-B32E-4E0D-8E34-954FD7D920C0}.Debug|iPhone.ActiveCfg = Debug|Any CPU
		{A7138995-B32E-4E0D-8E34-954FD7D920C0}.Debug|iPhone.Build.0 = Debug|Any CPU
		{A7138995-B32E-4E0D-8E34-954FD7D920C0}.Debug|iPhoneSimulator.ActiveCfg = Debug|Any CPU
		{A7138995-B32E-4E0D-8E34-954FD7D920C0}.Debug|iPhoneSimulator.Build.0 = Debug|Any CPU
		{A7138995-B32E-4E0D-8E34-954FD7D920C0}.Debug|x64.ActiveCfg = Debug|Any CPU
		{A7138995-B32E-4E0D-8E34-954FD7D920C0}.Debug|x64.Build.0 = Debug|Any CPU
		{A7138995-B32E-4E0D-8E34-954FD7D920C0}.Debug|x86.ActiveCfg = Debug|Any CPU
		{A7138995-B32E-4E0D-8E34-954FD7D920C0}.Debug|x86.Build.0 = Debug|Any CPU
		{A7138995-B32E-4E0D-8E34-954FD7D920C0}.Release|Any CPU.ActiveCfg = Release|Any CPU
		{A7138995-B32E-4E0D-8E34-954FD7D920C0}.Release|Any CPU.Build.0 = Release|Any CPU
		{A7138995-B32E-4E0D-8E34-954FD7D920C0}.Release|ARM.ActiveCfg = Release|Any CPU
		{A7138995-B32E-4E0D-8E34-954FD7D920C0}.Release|ARM.Build.0 = Release|Any CPU
		{A7138995-B32E-4E0D-8E34-954FD7D920C0}.Release|iPhone.ActiveCfg = Release|Any CPU
		{A7138995-B32E-4E0D-8E34-954FD7D920C0}.Release|iPhone.Build.0 = Release|Any CPU
		{A7138995-B32E-4E0D-8E34-954FD7D920C0}.Release|iPhoneSimulator.ActiveCfg = Release|Any CPU
		{A7138995-B32E-4E0D-8E34-954FD7D920C0}.Release|iPhoneSimulator.Build.0 = Release|Any CPU
		{A7138995-B32E-4E0D-8E34-954FD7D920C0}.Release|x64.ActiveCfg = Release|Any CPU
		{A7138995-B32E-4E0D-8E34-954FD7D920C0}.Release|x64.Build.0 = Release|Any CPU
		{A7138995-B32E-4E0D-8E34-954FD7D920C0}.Release|x86.ActiveCfg = Release|Any CPU
		{A7138995-B32E-4E0D-8E34-954FD7D920C0}.Release|x86.Build.0 = Release|Any CPU
		{D8607C56-9439-4B7F-8007-37EA0CDDF995}.Ad-Hoc|Any CPU.ActiveCfg = Release|x86
		{D8607C56-9439-4B7F-8007-37EA0CDDF995}.Ad-Hoc|Any CPU.Build.0 = Release|x86
		{D8607C56-9439-4B7F-8007-37EA0CDDF995}.Ad-Hoc|Any CPU.Deploy.0 = Release|x86
		{D8607C56-9439-4B7F-8007-37EA0CDDF995}.Ad-Hoc|ARM.ActiveCfg = Release|ARM
		{D8607C56-9439-4B7F-8007-37EA0CDDF995}.Ad-Hoc|ARM.Build.0 = Release|ARM
		{D8607C56-9439-4B7F-8007-37EA0CDDF995}.Ad-Hoc|ARM.Deploy.0 = Release|ARM
		{D8607C56-9439-4B7F-8007-37EA0CDDF995}.Ad-Hoc|iPhone.ActiveCfg = Release|x86
		{D8607C56-9439-4B7F-8007-37EA0CDDF995}.Ad-Hoc|iPhone.Build.0 = Release|x86
		{D8607C56-9439-4B7F-8007-37EA0CDDF995}.Ad-Hoc|iPhone.Deploy.0 = Release|x86
		{D8607C56-9439-4B7F-8007-37EA0CDDF995}.Ad-Hoc|iPhoneSimulator.ActiveCfg = Release|x86
		{D8607C56-9439-4B7F-8007-37EA0CDDF995}.Ad-Hoc|iPhoneSimulator.Build.0 = Release|x86
		{D8607C56-9439-4B7F-8007-37EA0CDDF995}.Ad-Hoc|iPhoneSimulator.Deploy.0 = Release|x86
		{D8607C56-9439-4B7F-8007-37EA0CDDF995}.Ad-Hoc|x64.ActiveCfg = Release|x64
		{D8607C56-9439-4B7F-8007-37EA0CDDF995}.Ad-Hoc|x64.Build.0 = Release|x64
		{D8607C56-9439-4B7F-8007-37EA0CDDF995}.Ad-Hoc|x64.Deploy.0 = Release|x64
		{D8607C56-9439-4B7F-8007-37EA0CDDF995}.Ad-Hoc|x86.ActiveCfg = Release|x86
		{D8607C56-9439-4B7F-8007-37EA0CDDF995}.Ad-Hoc|x86.Build.0 = Release|x86
		{D8607C56-9439-4B7F-8007-37EA0CDDF995}.Ad-Hoc|x86.Deploy.0 = Release|x86
		{D8607C56-9439-4B7F-8007-37EA0CDDF995}.AppStore|Any CPU.ActiveCfg = Release|x86
		{D8607C56-9439-4B7F-8007-37EA0CDDF995}.AppStore|Any CPU.Build.0 = Release|x86
		{D8607C56-9439-4B7F-8007-37EA0CDDF995}.AppStore|Any CPU.Deploy.0 = Release|x86
		{D8607C56-9439-4B7F-8007-37EA0CDDF995}.AppStore|ARM.ActiveCfg = Release|ARM
		{D8607C56-9439-4B7F-8007-37EA0CDDF995}.AppStore|ARM.Build.0 = Release|ARM
		{D8607C56-9439-4B7F-8007-37EA0CDDF995}.AppStore|ARM.Deploy.0 = Release|ARM
		{D8607C56-9439-4B7F-8007-37EA0CDDF995}.AppStore|iPhone.ActiveCfg = Release|x86
		{D8607C56-9439-4B7F-8007-37EA0CDDF995}.AppStore|iPhone.Build.0 = Release|x86
		{D8607C56-9439-4B7F-8007-37EA0CDDF995}.AppStore|iPhone.Deploy.0 = Release|x86
		{D8607C56-9439-4B7F-8007-37EA0CDDF995}.AppStore|iPhoneSimulator.ActiveCfg = Release|x86
		{D8607C56-9439-4B7F-8007-37EA0CDDF995}.AppStore|iPhoneSimulator.Build.0 = Release|x86
		{D8607C56-9439-4B7F-8007-37EA0CDDF995}.AppStore|iPhoneSimulator.Deploy.0 = Release|x86
		{D8607C56-9439-4B7F-8007-37EA0CDDF995}.AppStore|x64.ActiveCfg = Release|x64
		{D8607C56-9439-4B7F-8007-37EA0CDDF995}.AppStore|x64.Build.0 = Release|x64
		{D8607C56-9439-4B7F-8007-37EA0CDDF995}.AppStore|x64.Deploy.0 = Release|x64
		{D8607C56-9439-4B7F-8007-37EA0CDDF995}.AppStore|x86.ActiveCfg = Release|x86
		{D8607C56-9439-4B7F-8007-37EA0CDDF995}.AppStore|x86.Build.0 = Release|x86
		{D8607C56-9439-4B7F-8007-37EA0CDDF995}.AppStore|x86.Deploy.0 = Release|x86
		{D8607C56-9439-4B7F-8007-37EA0CDDF995}.Debug|Any CPU.ActiveCfg = Debug|x86
		{D8607C56-9439-4B7F-8007-37EA0CDDF995}.Debug|ARM.ActiveCfg = Debug|ARM
		{D8607C56-9439-4B7F-8007-37EA0CDDF995}.Debug|ARM.Build.0 = Debug|ARM
		{D8607C56-9439-4B7F-8007-37EA0CDDF995}.Debug|ARM.Deploy.0 = Debug|ARM
		{D8607C56-9439-4B7F-8007-37EA0CDDF995}.Debug|iPhone.ActiveCfg = Debug|x86
		{D8607C56-9439-4B7F-8007-37EA0CDDF995}.Debug|iPhoneSimulator.ActiveCfg = Debug|x86
		{D8607C56-9439-4B7F-8007-37EA0CDDF995}.Debug|x64.ActiveCfg = Debug|x64
		{D8607C56-9439-4B7F-8007-37EA0CDDF995}.Debug|x64.Build.0 = Debug|x64
		{D8607C56-9439-4B7F-8007-37EA0CDDF995}.Debug|x64.Deploy.0 = Debug|x64
		{D8607C56-9439-4B7F-8007-37EA0CDDF995}.Debug|x86.ActiveCfg = Debug|x86
		{D8607C56-9439-4B7F-8007-37EA0CDDF995}.Debug|x86.Build.0 = Debug|x86
		{D8607C56-9439-4B7F-8007-37EA0CDDF995}.Debug|x86.Deploy.0 = Debug|x86
		{D8607C56-9439-4B7F-8007-37EA0CDDF995}.Release|Any CPU.ActiveCfg = Release|x86
		{D8607C56-9439-4B7F-8007-37EA0CDDF995}.Release|ARM.ActiveCfg = Release|ARM
		{D8607C56-9439-4B7F-8007-37EA0CDDF995}.Release|ARM.Build.0 = Release|ARM
		{D8607C56-9439-4B7F-8007-37EA0CDDF995}.Release|ARM.Deploy.0 = Release|ARM
		{D8607C56-9439-4B7F-8007-37EA0CDDF995}.Release|iPhone.ActiveCfg = Release|x86
		{D8607C56-9439-4B7F-8007-37EA0CDDF995}.Release|iPhoneSimulator.ActiveCfg = Release|x86
		{D8607C56-9439-4B7F-8007-37EA0CDDF995}.Release|x64.ActiveCfg = Release|x64
		{D8607C56-9439-4B7F-8007-37EA0CDDF995}.Release|x64.Build.0 = Release|x64
		{D8607C56-9439-4B7F-8007-37EA0CDDF995}.Release|x64.Deploy.0 = Release|x64
		{D8607C56-9439-4B7F-8007-37EA0CDDF995}.Release|x86.ActiveCfg = Release|x86
		{D8607C56-9439-4B7F-8007-37EA0CDDF995}.Release|x86.Build.0 = Release|x86
		{D8607C56-9439-4B7F-8007-37EA0CDDF995}.Release|x86.Deploy.0 = Release|x86
		{CFDD6303-B8F0-4B4A-8C52-1911938ACD68}.Ad-Hoc|Any CPU.ActiveCfg = Ad-Hoc|iPhone
		{CFDD6303-B8F0-4B4A-8C52-1911938ACD68}.Ad-Hoc|ARM.ActiveCfg = Ad-Hoc|iPhone
		{CFDD6303-B8F0-4B4A-8C52-1911938ACD68}.Ad-Hoc|iPhone.ActiveCfg = Ad-Hoc|iPhone
		{CFDD6303-B8F0-4B4A-8C52-1911938ACD68}.Ad-Hoc|iPhone.Build.0 = Ad-Hoc|iPhone
		{CFDD6303-B8F0-4B4A-8C52-1911938ACD68}.Ad-Hoc|iPhoneSimulator.ActiveCfg = Ad-Hoc|iPhoneSimulator
		{CFDD6303-B8F0-4B4A-8C52-1911938ACD68}.Ad-Hoc|iPhoneSimulator.Build.0 = Ad-Hoc|iPhoneSimulator
		{CFDD6303-B8F0-4B4A-8C52-1911938ACD68}.Ad-Hoc|x64.ActiveCfg = Ad-Hoc|iPhone
		{CFDD6303-B8F0-4B4A-8C52-1911938ACD68}.Ad-Hoc|x86.ActiveCfg = Ad-Hoc|iPhone
		{CFDD6303-B8F0-4B4A-8C52-1911938ACD68}.AppStore|Any CPU.ActiveCfg = AppStore|iPhone
		{CFDD6303-B8F0-4B4A-8C52-1911938ACD68}.AppStore|ARM.ActiveCfg = AppStore|iPhone
		{CFDD6303-B8F0-4B4A-8C52-1911938ACD68}.AppStore|iPhone.ActiveCfg = AppStore|iPhone
		{CFDD6303-B8F0-4B4A-8C52-1911938ACD68}.AppStore|iPhone.Build.0 = AppStore|iPhone
		{CFDD6303-B8F0-4B4A-8C52-1911938ACD68}.AppStore|iPhoneSimulator.ActiveCfg = AppStore|iPhoneSimulator
		{CFDD6303-B8F0-4B4A-8C52-1911938ACD68}.AppStore|iPhoneSimulator.Build.0 = AppStore|iPhoneSimulator
		{CFDD6303-B8F0-4B4A-8C52-1911938ACD68}.AppStore|x64.ActiveCfg = AppStore|iPhone
		{CFDD6303-B8F0-4B4A-8C52-1911938ACD68}.AppStore|x86.ActiveCfg = AppStore|iPhone
		{CFDD6303-B8F0-4B4A-8C52-1911938ACD68}.Debug|Any CPU.ActiveCfg = Debug|iPhone
		{CFDD6303-B8F0-4B4A-8C52-1911938ACD68}.Debug|ARM.ActiveCfg = Debug|iPhone
		{CFDD6303-B8F0-4B4A-8C52-1911938ACD68}.Debug|iPhone.ActiveCfg = Debug|iPhone
		{CFDD6303-B8F0-4B4A-8C52-1911938ACD68}.Debug|iPhone.Build.0 = Debug|iPhone
		{CFDD6303-B8F0-4B4A-8C52-1911938ACD68}.Debug|iPhoneSimulator.ActiveCfg = Debug|iPhoneSimulator
		{CFDD6303-B8F0-4B4A-8C52-1911938ACD68}.Debug|iPhoneSimulator.Build.0 = Debug|iPhoneSimulator
		{CFDD6303-B8F0-4B4A-8C52-1911938ACD68}.Debug|x64.ActiveCfg = Debug|iPhone
		{CFDD6303-B8F0-4B4A-8C52-1911938ACD68}.Debug|x86.ActiveCfg = Debug|iPhone
		{CFDD6303-B8F0-4B4A-8C52-1911938ACD68}.Release|Any CPU.ActiveCfg = Release|iPhone
		{CFDD6303-B8F0-4B4A-8C52-1911938ACD68}.Release|ARM.ActiveCfg = Release|iPhone
		{CFDD6303-B8F0-4B4A-8C52-1911938ACD68}.Release|iPhone.ActiveCfg = Release|iPhone
		{CFDD6303-B8F0-4B4A-8C52-1911938ACD68}.Release|iPhone.Build.0 = Release|iPhone
		{CFDD6303-B8F0-4B4A-8C52-1911938ACD68}.Release|iPhoneSimulator.ActiveCfg = Release|iPhoneSimulator
		{CFDD6303-B8F0-4B4A-8C52-1911938ACD68}.Release|iPhoneSimulator.Build.0 = Release|iPhoneSimulator
		{CFDD6303-B8F0-4B4A-8C52-1911938ACD68}.Release|x64.ActiveCfg = Release|iPhone
		{CFDD6303-B8F0-4B4A-8C52-1911938ACD68}.Release|x86.ActiveCfg = Release|iPhone
		{013E1778-4415-420A-89D9-EFC572C1080C}.Ad-Hoc|Any CPU.ActiveCfg = Release|Any CPU
		{013E1778-4415-420A-89D9-EFC572C1080C}.Ad-Hoc|Any CPU.Build.0 = Release|Any CPU
		{013E1778-4415-420A-89D9-EFC572C1080C}.Ad-Hoc|ARM.ActiveCfg = Release|Any CPU
		{013E1778-4415-420A-89D9-EFC572C1080C}.Ad-Hoc|ARM.Build.0 = Release|Any CPU
		{013E1778-4415-420A-89D9-EFC572C1080C}.Ad-Hoc|iPhone.ActiveCfg = Release|Any CPU
		{013E1778-4415-420A-89D9-EFC572C1080C}.Ad-Hoc|iPhone.Build.0 = Release|Any CPU
		{013E1778-4415-420A-89D9-EFC572C1080C}.Ad-Hoc|iPhoneSimulator.ActiveCfg = Release|Any CPU
		{013E1778-4415-420A-89D9-EFC572C1080C}.Ad-Hoc|iPhoneSimulator.Build.0 = Release|Any CPU
		{013E1778-4415-420A-89D9-EFC572C1080C}.Ad-Hoc|x64.ActiveCfg = Release|Any CPU
		{013E1778-4415-420A-89D9-EFC572C1080C}.Ad-Hoc|x64.Build.0 = Release|Any CPU
		{013E1778-4415-420A-89D9-EFC572C1080C}.Ad-Hoc|x86.ActiveCfg = Release|Any CPU
		{013E1778-4415-420A-89D9-EFC572C1080C}.Ad-Hoc|x86.Build.0 = Release|Any CPU
		{013E1778-4415-420A-89D9-EFC572C1080C}.AppStore|Any CPU.ActiveCfg = Release|Any CPU
		{013E1778-4415-420A-89D9-EFC572C1080C}.AppStore|Any CPU.Build.0 = Release|Any CPU
		{013E1778-4415-420A-89D9-EFC572C1080C}.AppStore|ARM.ActiveCfg = Release|Any CPU
		{013E1778-4415-420A-89D9-EFC572C1080C}.AppStore|ARM.Build.0 = Release|Any CPU
		{013E1778-4415-420A-89D9-EFC572C1080C}.AppStore|iPhone.ActiveCfg = Release|Any CPU
		{013E1778-4415-420A-89D9-EFC572C1080C}.AppStore|iPhone.Build.0 = Release|Any CPU
		{013E1778-4415-420A-89D9-EFC572C1080C}.AppStore|iPhoneSimulator.ActiveCfg = Release|Any CPU
		{013E1778-4415-420A-89D9-EFC572C1080C}.AppStore|iPhoneSimulator.Build.0 = Release|Any CPU
		{013E1778-4415-420A-89D9-EFC572C1080C}.AppStore|x64.ActiveCfg = Release|Any CPU
		{013E1778-4415-420A-89D9-EFC572C1080C}.AppStore|x64.Build.0 = Release|Any CPU
		{013E1778-4415-420A-89D9-EFC572C1080C}.AppStore|x86.ActiveCfg = Release|Any CPU
		{013E1778-4415-420A-89D9-EFC572C1080C}.AppStore|x86.Build.0 = Release|Any CPU
		{013E1778-4415-420A-89D9-EFC572C1080C}.Debug|Any CPU.ActiveCfg = Debug|Any CPU
		{013E1778-4415-420A-89D9-EFC572C1080C}.Debug|Any CPU.Build.0 = Debug|Any CPU
		{013E1778-4415-420A-89D9-EFC572C1080C}.Debug|ARM.ActiveCfg = Debug|Any CPU
		{013E1778-4415-420A-89D9-EFC572C1080C}.Debug|ARM.Build.0 = Debug|Any CPU
		{013E1778-4415-420A-89D9-EFC572C1080C}.Debug|iPhone.ActiveCfg = Debug|Any CPU
		{013E1778-4415-420A-89D9-EFC572C1080C}.Debug|iPhone.Build.0 = Debug|Any CPU
		{013E1778-4415-420A-89D9-EFC572C1080C}.Debug|iPhoneSimulator.ActiveCfg = Debug|Any CPU
		{013E1778-4415-420A-89D9-EFC572C1080C}.Debug|iPhoneSimulator.Build.0 = Debug|Any CPU
		{013E1778-4415-420A-89D9-EFC572C1080C}.Debug|x64.ActiveCfg = Debug|Any CPU
		{013E1778-4415-420A-89D9-EFC572C1080C}.Debug|x64.Build.0 = Debug|Any CPU
		{013E1778-4415-420A-89D9-EFC572C1080C}.Debug|x86.ActiveCfg = Debug|Any CPU
		{013E1778-4415-420A-89D9-EFC572C1080C}.Debug|x86.Build.0 = Debug|Any CPU
		{013E1778-4415-420A-89D9-EFC572C1080C}.Release|Any CPU.ActiveCfg = Release|Any CPU
		{013E1778-4415-420A-89D9-EFC572C1080C}.Release|Any CPU.Build.0 = Release|Any CPU
		{013E1778-4415-420A-89D9-EFC572C1080C}.Release|ARM.ActiveCfg = Release|Any CPU
		{013E1778-4415-420A-89D9-EFC572C1080C}.Release|ARM.Build.0 = Release|Any CPU
		{013E1778-4415-420A-89D9-EFC572C1080C}.Release|iPhone.ActiveCfg = Release|Any CPU
		{013E1778-4415-420A-89D9-EFC572C1080C}.Release|iPhone.Build.0 = Release|Any CPU
		{013E1778-4415-420A-89D9-EFC572C1080C}.Release|iPhoneSimulator.ActiveCfg = Release|Any CPU
		{013E1778-4415-420A-89D9-EFC572C1080C}.Release|iPhoneSimulator.Build.0 = Release|Any CPU
		{013E1778-4415-420A-89D9-EFC572C1080C}.Release|x64.ActiveCfg = Release|Any CPU
		{013E1778-4415-420A-89D9-EFC572C1080C}.Release|x64.Build.0 = Release|Any CPU
		{013E1778-4415-420A-89D9-EFC572C1080C}.Release|x86.ActiveCfg = Release|Any CPU
		{013E1778-4415-420A-89D9-EFC572C1080C}.Release|x86.Build.0 = Release|Any CPU
	EndGlobalSection
	GlobalSection(SolutionProperties) = preSolution
		HideSolutionNode = FALSE
	EndGlobalSection
EndGlobal
