
Microsoft Visual Studio Solution File, Format Version 12.00
# Visual Studio 14
VisualStudioVersion = 14.0.25420.1
MinimumVisualStudioVersion = 10.0.40219.1
Project("{FAE04EC0-301F-11D3-BF4B-00C04F79EFBC}") = "MicrosoftHouse", "MicrosoftHouse\MicrosoftHouse\MicrosoftHouse.csproj", "{52B78F0F-97DC-4B0A-B8BE-AE2E37DAAED5}"
EndProject
Project("{FAE04EC0-301F-11D3-BF4B-00C04F79EFBC}") = "MicrosoftHouse.Droid", "MicrosoftHouse\MicrosoftHouse.Droid\MicrosoftHouse.Droid.csproj", "{5FA56F3B-B2A1-4A5D-8640-63B33999B816}"
EndProject
Project("{FAE04EC0-301F-11D3-BF4B-00C04F79EFBC}") = "MicrosoftHouse.iOS", "MicrosoftHouse\MicrosoftHouse.iOS\MicrosoftHouse.iOS.csproj", "{AFF0DFD5-0450-4CC9-8982-2587FE5974F7}"
EndProject
Global
	GlobalSection(SolutionConfigurationPlatforms) = preSolution
		Ad-Hoc|Any CPU = Ad-Hoc|Any CPU
		Ad-Hoc|iPhone = Ad-Hoc|iPhone
		Ad-Hoc|iPhoneSimulator = Ad-Hoc|iPhoneSimulator
		AppStore|Any CPU = AppStore|Any CPU
		AppStore|iPhone = AppStore|iPhone
		AppStore|iPhoneSimulator = AppStore|iPhoneSimulator
		Debug|Any CPU = Debug|Any CPU
		Debug|iPhone = Debug|iPhone
		Debug|iPhoneSimulator = Debug|iPhoneSimulator
		Release|Any CPU = Release|Any CPU
		Release|iPhone = Release|iPhone
		Release|iPhoneSimulator = Release|iPhoneSimulator
	EndGlobalSection
	GlobalSection(ProjectConfigurationPlatforms) = postSolution
		{52B78F0F-97DC-4B0A-B8BE-AE2E37DAAED5}.Ad-Hoc|Any CPU.ActiveCfg = Release|Any CPU
		{52B78F0F-97DC-4B0A-B8BE-AE2E37DAAED5}.Ad-Hoc|Any CPU.Build.0 = Release|Any CPU
		{52B78F0F-97DC-4B0A-B8BE-AE2E37DAAED5}.Ad-Hoc|iPhone.ActiveCfg = Release|Any CPU
		{52B78F0F-97DC-4B0A-B8BE-AE2E37DAAED5}.Ad-Hoc|iPhone.Build.0 = Release|Any CPU
		{52B78F0F-97DC-4B0A-B8BE-AE2E37DAAED5}.Ad-Hoc|iPhoneSimulator.ActiveCfg = Release|Any CPU
		{52B78F0F-97DC-4B0A-B8BE-AE2E37DAAED5}.Ad-Hoc|iPhoneSimulator.Build.0 = Release|Any CPU
		{52B78F0F-97DC-4B0A-B8BE-AE2E37DAAED5}.AppStore|Any CPU.ActiveCfg = Release|Any CPU
		{52B78F0F-97DC-4B0A-B8BE-AE2E37DAAED5}.AppStore|Any CPU.Build.0 = Release|Any CPU
		{52B78F0F-97DC-4B0A-B8BE-AE2E37DAAED5}.AppStore|iPhone.ActiveCfg = Release|Any CPU
		{52B78F0F-97DC-4B0A-B8BE-AE2E37DAAED5}.AppStore|iPhone.Build.0 = Release|Any CPU
		{52B78F0F-97DC-4B0A-B8BE-AE2E37DAAED5}.AppStore|iPhoneSimulator.ActiveCfg = Release|Any CPU
		{52B78F0F-97DC-4B0A-B8BE-AE2E37DAAED5}.AppStore|iPhoneSimulator.Build.0 = Release|Any CPU
		{52B78F0F-97DC-4B0A-B8BE-AE2E37DAAED5}.Debug|Any CPU.ActiveCfg = Debug|Any CPU
		{52B78F0F-97DC-4B0A-B8BE-AE2E37DAAED5}.Debug|Any CPU.Build.0 = Debug|Any CPU
		{52B78F0F-97DC-4B0A-B8BE-AE2E37DAAED5}.Debug|iPhone.ActiveCfg = Debug|Any CPU
		{52B78F0F-97DC-4B0A-B8BE-AE2E37DAAED5}.Debug|iPhone.Build.0 = Debug|Any CPU
		{52B78F0F-97DC-4B0A-B8BE-AE2E37DAAED5}.Debug|iPhoneSimulator.ActiveCfg = Debug|Any CPU
		{52B78F0F-97DC-4B0A-B8BE-AE2E37DAAED5}.Debug|iPhoneSimulator.Build.0 = Debug|Any CPU
		{52B78F0F-97DC-4B0A-B8BE-AE2E37DAAED5}.Release|Any CPU.ActiveCfg = Release|Any CPU
		{52B78F0F-97DC-4B0A-B8BE-AE2E37DAAED5}.Release|Any CPU.Build.0 = Release|Any CPU
		{52B78F0F-97DC-4B0A-B8BE-AE2E37DAAED5}.Release|iPhone.ActiveCfg = Release|Any CPU
		{52B78F0F-97DC-4B0A-B8BE-AE2E37DAAED5}.Release|iPhone.Build.0 = Release|Any CPU
		{52B78F0F-97DC-4B0A-B8BE-AE2E37DAAED5}.Release|iPhoneSimulator.ActiveCfg = Release|Any CPU
		{52B78F0F-97DC-4B0A-B8BE-AE2E37DAAED5}.Release|iPhoneSimulator.Build.0 = Release|Any CPU
		{5FA56F3B-B2A1-4A5D-8640-63B33999B816}.Ad-Hoc|Any CPU.ActiveCfg = Release|Any CPU
		{5FA56F3B-B2A1-4A5D-8640-63B33999B816}.Ad-Hoc|Any CPU.Build.0 = Release|Any CPU
		{5FA56F3B-B2A1-4A5D-8640-63B33999B816}.Ad-Hoc|Any CPU.Deploy.0 = Release|Any CPU
		{5FA56F3B-B2A1-4A5D-8640-63B33999B816}.Ad-Hoc|iPhone.ActiveCfg = Release|Any CPU
		{5FA56F3B-B2A1-4A5D-8640-63B33999B816}.Ad-Hoc|iPhone.Build.0 = Release|Any CPU
		{5FA56F3B-B2A1-4A5D-8640-63B33999B816}.Ad-Hoc|iPhone.Deploy.0 = Release|Any CPU
		{5FA56F3B-B2A1-4A5D-8640-63B33999B816}.Ad-Hoc|iPhoneSimulator.ActiveCfg = Release|Any CPU
		{5FA56F3B-B2A1-4A5D-8640-63B33999B816}.Ad-Hoc|iPhoneSimulator.Build.0 = Release|Any CPU
		{5FA56F3B-B2A1-4A5D-8640-63B33999B816}.Ad-Hoc|iPhoneSimulator.Deploy.0 = Release|Any CPU
		{5FA56F3B-B2A1-4A5D-8640-63B33999B816}.AppStore|Any CPU.ActiveCfg = Release|Any CPU
		{5FA56F3B-B2A1-4A5D-8640-63B33999B816}.AppStore|Any CPU.Build.0 = Release|Any CPU
		{5FA56F3B-B2A1-4A5D-8640-63B33999B816}.AppStore|Any CPU.Deploy.0 = Release|Any CPU
		{5FA56F3B-B2A1-4A5D-8640-63B33999B816}.AppStore|iPhone.ActiveCfg = Release|Any CPU
		{5FA56F3B-B2A1-4A5D-8640-63B33999B816}.AppStore|iPhone.Build.0 = Release|Any CPU
		{5FA56F3B-B2A1-4A5D-8640-63B33999B816}.AppStore|iPhone.Deploy.0 = Release|Any CPU
		{5FA56F3B-B2A1-4A5D-8640-63B33999B816}.AppStore|iPhoneSimulator.ActiveCfg = Release|Any CPU
		{5FA56F3B-B2A1-4A5D-8640-63B33999B816}.AppStore|iPhoneSimulator.Build.0 = Release|Any CPU
		{5FA56F3B-B2A1-4A5D-8640-63B33999B816}.AppStore|iPhoneSimulator.Deploy.0 = Release|Any CPU
		{5FA56F3B-B2A1-4A5D-8640-63B33999B816}.Debug|Any CPU.ActiveCfg = Debug|Any CPU
		{5FA56F3B-B2A1-4A5D-8640-63B33999B816}.Debug|Any CPU.Build.0 = Debug|Any CPU
		{5FA56F3B-B2A1-4A5D-8640-63B33999B816}.Debug|Any CPU.Deploy.0 = Debug|Any CPU
		{5FA56F3B-B2A1-4A5D-8640-63B33999B816}.Debug|iPhone.ActiveCfg = Debug|Any CPU
		{5FA56F3B-B2A1-4A5D-8640-63B33999B816}.Debug|iPhone.Build.0 = Debug|Any CPU
		{5FA56F3B-B2A1-4A5D-8640-63B33999B816}.Debug|iPhone.Deploy.0 = Debug|Any CPU
		{5FA56F3B-B2A1-4A5D-8640-63B33999B816}.Debug|iPhoneSimulator.ActiveCfg = Debug|Any CPU
		{5FA56F3B-B2A1-4A5D-8640-63B33999B816}.Debug|iPhoneSimulator.Build.0 = Debug|Any CPU
		{5FA56F3B-B2A1-4A5D-8640-63B33999B816}.Debug|iPhoneSimulator.Deploy.0 = Debug|Any CPU
		{5FA56F3B-B2A1-4A5D-8640-63B33999B816}.Release|Any CPU.ActiveCfg = Release|Any CPU
		{5FA56F3B-B2A1-4A5D-8640-63B33999B816}.Release|Any CPU.Build.0 = Release|Any CPU
		{5FA56F3B-B2A1-4A5D-8640-63B33999B816}.Release|Any CPU.Deploy.0 = Release|Any CPU
		{5FA56F3B-B2A1-4A5D-8640-63B33999B816}.Release|iPhone.ActiveCfg = Release|Any CPU
		{5FA56F3B-B2A1-4A5D-8640-63B33999B816}.Release|iPhone.Build.0 = Release|Any CPU
		{5FA56F3B-B2A1-4A5D-8640-63B33999B816}.Release|iPhone.Deploy.0 = Release|Any CPU
		{5FA56F3B-B2A1-4A5D-8640-63B33999B816}.Release|iPhoneSimulator.ActiveCfg = Release|Any CPU
		{5FA56F3B-B2A1-4A5D-8640-63B33999B816}.Release|iPhoneSimulator.Build.0 = Release|Any CPU
		{5FA56F3B-B2A1-4A5D-8640-63B33999B816}.Release|iPhoneSimulator.Deploy.0 = Release|Any CPU
		{AFF0DFD5-0450-4CC9-8982-2587FE5974F7}.Ad-Hoc|Any CPU.ActiveCfg = Ad-Hoc|iPhone
		{AFF0DFD5-0450-4CC9-8982-2587FE5974F7}.Ad-Hoc|iPhone.ActiveCfg = Ad-Hoc|iPhone
		{AFF0DFD5-0450-4CC9-8982-2587FE5974F7}.Ad-Hoc|iPhone.Build.0 = Ad-Hoc|iPhone
		{AFF0DFD5-0450-4CC9-8982-2587FE5974F7}.Ad-Hoc|iPhoneSimulator.ActiveCfg = Ad-Hoc|iPhoneSimulator
		{AFF0DFD5-0450-4CC9-8982-2587FE5974F7}.Ad-Hoc|iPhoneSimulator.Build.0 = Ad-Hoc|iPhoneSimulator
		{AFF0DFD5-0450-4CC9-8982-2587FE5974F7}.AppStore|Any CPU.ActiveCfg = AppStore|iPhone
		{AFF0DFD5-0450-4CC9-8982-2587FE5974F7}.AppStore|iPhone.ActiveCfg = AppStore|iPhone
		{AFF0DFD5-0450-4CC9-8982-2587FE5974F7}.AppStore|iPhone.Build.0 = AppStore|iPhone
		{AFF0DFD5-0450-4CC9-8982-2587FE5974F7}.AppStore|iPhoneSimulator.ActiveCfg = AppStore|iPhoneSimulator
		{AFF0DFD5-0450-4CC9-8982-2587FE5974F7}.AppStore|iPhoneSimulator.Build.0 = AppStore|iPhoneSimulator
		{AFF0DFD5-0450-4CC9-8982-2587FE5974F7}.Debug|Any CPU.ActiveCfg = Debug|iPhone
		{AFF0DFD5-0450-4CC9-8982-2587FE5974F7}.Debug|iPhone.ActiveCfg = Debug|iPhone
		{AFF0DFD5-0450-4CC9-8982-2587FE5974F7}.Debug|iPhone.Build.0 = Debug|iPhone
		{AFF0DFD5-0450-4CC9-8982-2587FE5974F7}.Debug|iPhoneSimulator.ActiveCfg = Debug|iPhoneSimulator
		{AFF0DFD5-0450-4CC9-8982-2587FE5974F7}.Debug|iPhoneSimulator.Build.0 = Debug|iPhoneSimulator
		{AFF0DFD5-0450-4CC9-8982-2587FE5974F7}.Release|Any CPU.ActiveCfg = Release|iPhone
		{AFF0DFD5-0450-4CC9-8982-2587FE5974F7}.Release|iPhone.ActiveCfg = Release|iPhone
		{AFF0DFD5-0450-4CC9-8982-2587FE5974F7}.Release|iPhone.Build.0 = Release|iPhone
		{AFF0DFD5-0450-4CC9-8982-2587FE5974F7}.Release|iPhoneSimulator.ActiveCfg = Release|iPhoneSimulator
		{AFF0DFD5-0450-4CC9-8982-2587FE5974F7}.Release|iPhoneSimulator.Build.0 = Release|iPhoneSimulator
	EndGlobalSection
	GlobalSection(SolutionProperties) = preSolution
		HideSolutionNode = FALSE
	EndGlobalSection
EndGlobal
